
Microsoft Visual Studio Solution File, Format Version 12.00
# Visual Studio Version 17
VisualStudioVersion = 17.0.31903.59
MinimumVisualStudioVersion = 10.0.40219.1
Project("{2150E333-8FDC-42A3-9474-1A3956D46DE8}") = "src", "src", "{A996D14F-FD92-441D-9635-DBDDDC6C4D84}"
EndProject
Project("{FAE04EC0-301F-11D3-BF4B-00C04F79EFBC}") = "DiplomacyIntrigue", "src\DiplomacyIntrigue\DiplomacyIntrigue.csproj", "{7C6E2EBE-206E-41DA-86D1-F9EDA53F07F3}"
EndProject
Global
	GlobalSection(SolutionConfigurationPlatforms) = preSolution
		Debug|Any CPU = Debug|Any CPU
		Release|Any CPU = Release|Any CPU
	EndGlobalSection
	GlobalSection(SolutionProperties) = preSolution
		HideSolutionNode = FALSE
	EndGlobalSection
	GlobalSection(ProjectConfigurationPlatforms) = postSolution
		{7C6E2EBE-206E-41DA-86D1-F9EDA53F07F3}.Debug|Any CPU.ActiveCfg = Debug|x64
		{7C6E2EBE-206E-41DA-86D1-F9EDA53F07F3}.Debug|Any CPU.Build.0 = Debug|x64
		{7C6E2EBE-206E-41DA-86D1-F9EDA53F07F3}.Release|Any CPU.ActiveCfg = Release|x64
		{7C6E2EBE-206E-41DA-86D1-F9EDA53F07F3}.Release|Any CPU.Build.0 = Release|x64
	EndGlobalSection
	GlobalSection(NestedProjects) = preSolution
		{7C6E2EBE-206E-41DA-86D1-F9EDA53F07F3} = {A996D14F-FD92-441D-9635-DBDDDC6C4D84}
	EndGlobalSection
EndGlobal
